{
    "psr/cache": {
        "version": "1.0.1"
    },
    "psr/container": {
        "version": "1.0.0"
    },
    "psr/log": {
        "version": "1.0.2"
    },
    "psr/simple-cache": {
        "version": "1.0.1"
    },
    "symfony/cache": {
        "version": "v3.4.18"
    },
    "symfony/class-loader": {
        "version": "v3.4.18"
    },
    "symfony/config": {
        "version": "v3.4.18"
    },
    "symfony/console": {
        "version": "3.3",
        "recipe": {
            "repo": "github.com/symfony/recipes",
            "branch": "master",
            "version": "3.3",
            "ref": "181d766db0eb468f41337f9b2d9d5b61ba1ee441"
        }
    },
    "symfony/debug": {
        "version": "v3.4.18"
    },
    "symfony/dependency-injection": {
        "version": "v3.4.18"
    },
    "symfony/dotenv": {
        "version": "v3.4.18"
    },
    "symfony/event-dispatcher": {
        "version": "v3.4.18"
    },
    "symfony/filesystem": {
        "version": "v3.4.18"
    },
    "symfony/finder": {
        "version": "v3.4.18"
    },
    "symfony/flex": {
        "version": "1.0",
        "recipe": {
            "repo": "github.com/symfony/recipes",
            "branch": "master",
            "version": "1.0",
            "ref": "5f8a51c0fad684396f6b6c0fd770e043439cb632"
        }
    },
    "symfony/framework-bundle": {
        "version": "3.3",
        "recipe": {
            "repo": "github.com/symfony/recipes",
            "branch": "master",
            "version": "3.3",
            "ref": "9ec493d6f3575c54671493d635fa4b68658022ab"
        }
    },
    "symfony/http-foundation": {
        "version": "v3.4.18"
    },
    "symfony/http-kernel": {
        "version": "v3.4.18"
    },
    "symfony/polyfill-apcu": {
        "version": "v1.10.0"
    },
    "symfony/polyfill-mbstring": {
        "version": "v1.10.0"
    },
    "symfony/routing": {
        "version": "3.3",
        "recipe": {
            "repo": "github.com/symfony/recipes",
            "branch": "master",
            "version": "3.3",
            "ref": "4d36f55d8edd7bd88b730754c2d3f3dfc2cd316b"
        }
    },
    "symfony/yaml": {
        "version": "v3.4.18"
    }
}
